
Microsoft Visual Studio Solution File, Format Version 12.00
# Visual Studio Version 16
VisualStudioVersion = 16.0.31005.135
MinimumVisualStudioVersion = 10.0.40219.1
Project("{FAE04EC0-301F-11D3-BF4B-00C04F79EFBC}") = "Sticker Generator", "Sticker Generator\Sticker Generator.csproj", "{0DF6DBBB-977C-4ADC-AE36-C9F2643B6F12}"
EndProject
Global
	GlobalSection(SolutionConfigurationPlatforms) = preSolution
		Debug|Any CPU = Debug|Any CPU
		Release|Any CPU = Release|Any CPU
	EndGlobalSection
	GlobalSection(ProjectConfigurationPlatforms) = postSolution
		{0DF6DBBB-977C-4ADC-AE36-C9F2643B6F12}.Debug|Any CPU.ActiveCfg = Debug|Any CPU
		{0DF6DBBB-977C-4ADC-AE36-C9F2643B6F12}.Debug|Any CPU.Build.0 = Debug|Any CPU
		{0DF6DBBB-977C-4ADC-AE36-C9F2643B6F12}.Release|Any CPU.ActiveCfg = Release|Any CPU
		{0DF6DBBB-977C-4ADC-AE36-C9F2643B6F12}.Release|Any CPU.Build.0 = Release|Any CPU
	EndGlobalSection
	GlobalSection(SolutionProperties) = preSolution
		HideSolutionNode = FALSE
	EndGlobalSection
	GlobalSection(ExtensibilityGlobals) = postSolution
		SolutionGuid = {6D4500F4-62DC-46C4-A65D-095B383E0EFE}
	EndGlobalSection
EndGlobal
